
Microsoft Visual Studio Solution File, Format Version 12.00
# Visual Studio Version 16
VisualStudioVersion = 16.0.30204.135
MinimumVisualStudioVersion = 10.0.40219.1
Project("{FAE04EC0-301F-11D3-BF4B-00C04F79EFBC}") = "OOP And Colections", "OOP And Colections\OOP And Colections.csproj", "{2D01872E-A2CD-46D2-BF86-5DC772EDD9BE}"
EndProject
Global
	GlobalSection(SolutionConfigurationPlatforms) = preSolution
		Debug|Any CPU = Debug|Any CPU
		Release|Any CPU = Release|Any CPU
	EndGlobalSection
	GlobalSection(ProjectConfigurationPlatforms) = postSolution
		{2D01872E-A2CD-46D2-BF86-5DC772EDD9BE}.Debug|Any CPU.ActiveCfg = Debug|Any CPU
		{2D01872E-A2CD-46D2-BF86-5DC772EDD9BE}.Debug|Any CPU.Build.0 = Debug|Any CPU
		{2D01872E-A2CD-46D2-BF86-5DC772EDD9BE}.Release|Any CPU.ActiveCfg = Release|Any CPU
		{2D01872E-A2CD-46D2-BF86-5DC772EDD9BE}.Release|Any CPU.Build.0 = Release|Any CPU
	EndGlobalSection
	GlobalSection(SolutionProperties) = preSolution
		HideSolutionNode = FALSE
	EndGlobalSection
	GlobalSection(ExtensibilityGlobals) = postSolution
		SolutionGuid = {3142BAB8-382F-448D-BA7D-D25858FA5FE3}
	EndGlobalSection
EndGlobal
